
Microsoft Visual Studio Solution File, Format Version 12.00
# Visual Studio Version 17
VisualStudioVersion = 17.0.31903.59
MinimumVisualStudioVersion = 10.0.40219.1
Project("{FAE04EC0-301F-11D3-BF4B-00C04F79EFBC}") = "Demo.API", "Demo.API.csproj", "{1545F1F2-BAB2-45D6-8621-A441270777D0}"
EndProject
Global
	GlobalSection(SolutionConfigurationPlatforms) = preSolution
		Debug|Any CPU = Debug|Any CPU
		Release|Any CPU = Release|Any CPU
	EndGlobalSection
	GlobalSection(ProjectConfigurationPlatforms) = postSolution
		{1545F1F2-BAB2-45D6-8621-A441270777D0}.Debug|Any CPU.ActiveCfg = Debug|Any CPU
		{1545F1F2-BAB2-45D6-8621-A441270777D0}.Debug|Any CPU.Build.0 = Debug|Any CPU
		{1545F1F2-BAB2-45D6-8621-A441270777D0}.Release|Any CPU.ActiveCfg = Release|Any CPU
		{1545F1F2-BAB2-45D6-8621-A441270777D0}.Release|Any CPU.Build.0 = Release|Any CPU
	EndGlobalSection
	GlobalSection(SolutionProperties) = preSolution
		HideSolutionNode = FALSE
	EndGlobalSection
	GlobalSection(ExtensibilityGlobals) = postSolution
		SolutionGuid = {E49CC98B-DC29-42C0-9A45-F051ED726CDA}
	EndGlobalSection
EndGlobal
